# This file is generated by running "yarn install" inside your project.
# Manual changes might be lost - proceed with caution!

__metadata:
  version: 9
  cacheKey: 10

"@alloc/quick-lru@npm:^5.2.0":
  version: 5.2.0
  resolution: "@alloc/quick-lru@npm:5.2.0"
  checksum: 10/bdc35758b552bcf045733ac047fb7f9a07c4678b944c641adfbd41f798b4b91fffd0fdc0df2578d9b0afc7b4d636aa6e110ead5d6281a2adc1ab90efd7f057f8
  languageName: node
  linkType: hard

"@emnapi/core@npm:^1.8.1":
  version: 1.10.0
  resolution: "@emnapi/core@npm:1.10.0"
  dependencies:
    "@emnapi/wasi-threads": "npm:1.2.1"
    tslib: "npm:^2.4.0"
  checksum: 10/d32f386084e64deaf2609aabb8295d1ad5af6144d0f46d2060b76cc53f1f3b486df54bec9b0f33c37d85a3822e1193ebcd4e3deb4a5f0e4cd650aa2ffc631715
  languageName: node
  linkType: hard

"@emnapi/runtime@npm:^1.7.0, @emnapi/runtime@npm:^1.8.1":
  version: 1.10.0
  resolution: "@emnapi/runtime@npm:1.10.0"
  dependencies:
    tslib: "npm:^2.4.0"
  checksum: 10/d21083d07fa0c2da171c142e78ef986b66b07d45b06accc0bcaf49fcc61bb4dbc10e1c1760813070165b9f49b054376a931045347f21c0f42ff1eb2d2040faac
  languageName: node
  linkType: hard

"@emnapi/wasi-threads@npm:1.2.1, @emnapi/wasi-threads@npm:^1.1.0":
  version: 1.2.1
  resolution: "@emnapi/wasi-threads@npm:1.2.1"
  dependencies:
    tslib: "npm:^2.4.0"
  checksum: 10/57cd4292be81c05d26aa886d68a9e4c449ff666e8503fed6463dfc6b64a4e4213f03c152d53296b7cda32840271e38cd33347332070658f01befeb9bf4e59f36
  languageName: node
  linkType: hard

"@img/colour@npm:^1.0.0":
  version: 1.1.0
  resolution: "@img/colour@npm:1.1.0"
  checksum: 10/2a29be7b06b046bd33c80ffa0f3493b7535b0841a69f54af81bf5e2d8867f21704fab42e9cf24ec30c089de34f790bae4dad1fc617c3163fbf264998dc316f0a
  languageName: node
  linkType: hard

"@img/sharp-darwin-arm64@npm:0.34.5":
  version: 0.34.5
  resolution: "@img/sharp-darwin-arm64@npm:0.34.5"
  dependencies:
    "@img/sharp-libvips-darwin-arm64": "npm:1.2.4"
  dependenciesMeta:
    "@img/sharp-libvips-darwin-arm64":
      optional: true
  conditions: os=darwin & cpu=arm64
  languageName: node
  linkType: hard

"@img/sharp-darwin-x64@npm:0.34.5":
  version: 0.34.5
  resolution: "@img/sharp-darwin-x64@npm:0.34.5"
  dependencies:
    "@img/sharp-libvips-darwin-x64": "npm:1.2.4"
  dependenciesMeta:
    "@img/sharp-libvips-darwin-x64":
      optional: true
  conditions: os=darwin & cpu=x64
  languageName: node
  linkType: hard

"@img/sharp-libvips-darwin-arm64@npm:1.2.4":
  version: 1.2.4
  resolution: "@img/sharp-libvips-darwin-arm64@npm:1.2.4"
  conditions: os=darwin & cpu=arm64
  languageName: node
  linkType: hard

"@img/sharp-libvips-darwin-x64@npm:1.2.4":
  version: 1.2.4
  resolution: "@img/sharp-libvips-darwin-x64@npm:1.2.4"
  conditions: os=darwin & cpu=x64
  languageName: node
  linkType: hard

"@img/sharp-libvips-linux-arm64@npm:1.2.4":
  version: 1.2.4
  resolution: "@img/sharp-libvips-linux-arm64@npm:1.2.4"
  conditions: os=linux & cpu=arm64 & libc=glibc
  languageName: node
  linkType: hard

"@img/sharp-libvips-linux-arm@npm:1.2.4":
  version: 1.2.4
  resolution: "@img/sharp-libvips-linux-arm@npm:1.2.4"
  conditions: os=linux & cpu=arm & libc=glibc
  languageName: node
  linkType: hard

"@img/sharp-libvips-linux-ppc64@npm:1.2.4":
  version: 1.2.4
  resolution: "@img/sharp-libvips-linux-ppc64@npm:1.2.4"
  conditions: os=linux & cpu=ppc64 & libc=glibc
  languageName: node
  linkType: hard

"@img/sharp-libvips-linux-riscv64@npm:1.2.4":
  version: 1.2.4
  resolution: "@img/sharp-libvips-linux-riscv64@npm:1.2.4"
  conditions: os=linux & cpu=riscv64 & libc=glibc
  languageName: node
  linkType: hard

"@img/sharp-libvips-linux-s390x@npm:1.2.4":
  version: 1.2.4
  resolution: "@img/sharp-libvips-linux-s390x@npm:1.2.4"
  conditions: os=linux & cpu=s390x & libc=glibc
  languageName: node
  linkType: hard

"@img/sharp-libvips-linux-x64@npm:1.2.4":
  version: 1.2.4
  resolution: "@img/sharp-libvips-linux-x64@npm:1.2.4"
  conditions: os=linux & cpu=x64 & libc=glibc
  languageName: node
  linkType: hard

"@img/sharp-libvips-linuxmusl-arm64@npm:1.2.4":
  version: 1.2.4
  resolution: "@img/sharp-libvips-linuxmusl-arm64@npm:1.2.4"
  conditions: os=linux & cpu=arm64 & libc=musl
  languageName: node
  linkType: hard

"@img/sharp-libvips-linuxmusl-x64@npm:1.2.4":
  version: 1.2.4
  resolution: "@img/sharp-libvips-linuxmusl-x64@npm:1.2.4"
  conditions: os=linux & cpu=x64 & libc=musl
  languageName: node
  linkType: hard

"@img/sharp-linux-arm64@npm:0.34.5":
  version: 0.34.5
  resolution: "@img/sharp-linux-arm64@npm:0.34.5"
  dependencies:
    "@img/sharp-libvips-linux-arm64": "npm:1.2.4"
  dependenciesMeta:
    "@img/sharp-libvips-linux-arm64":
      optional: true
  conditions: os=linux & cpu=arm64 & libc=glibc
  languageName: node
  linkType: hard

"@img/sharp-linux-arm@npm:0.34.5":
  version: 0.34.5
  resolution: "@img/sharp-linux-arm@npm:0.34.5"
  dependencies:
    "@img/sharp-libvips-linux-arm": "npm:1.2.4"
  dependenciesMeta:
    "@img/sharp-libvips-linux-arm":
      optional: true
  conditions: os=linux & cpu=arm & libc=glibc
  languageName: node
  linkType: hard

"@img/sharp-linux-ppc64@npm:0.34.5":
  version: 0.34.5
  resolution: "@img/sharp-linux-ppc64@npm:0.34.5"
  dependencies:
    "@img/sharp-libvips-linux-ppc64": "npm:1.2.4"
  dependenciesMeta:
    "@img/sharp-libvips-linux-ppc64":
      optional: true
  conditions: os=linux & cpu=ppc64 & libc=glibc
  languageName: node
  linkType: hard

"@img/sharp-linux-riscv64@npm:0.34.5":
  version: 0.34.5
  resolution: "@img/sharp-linux-riscv64@npm:0.34.5"
  dependencies:
    "@img/sharp-libvips-linux-riscv64": "npm:1.2.4"
  dependenciesMeta:
    "@img/sharp-libvips-linux-riscv64":
      optional: true
  conditions: os=linux & cpu=riscv64 & libc=glibc
  languageName: node
  linkType: hard

"@img/sharp-linux-s390x@npm:0.34.5":
  version: 0.34.5
  resolution: "@img/sharp-linux-s390x@npm:0.34.5"
  dependencies:
    "@img/sharp-libvips-linux-s390x": "npm:1.2.4"
  dependenciesMeta:
    "@img/sharp-libvips-linux-s390x":
      optional: true
  conditions: os=linux & cpu=s390x & libc=glibc
  languageName: node
  linkType: hard

"@img/sharp-linux-x64@npm:0.34.5":
  version: 0.34.5
  resolution: "@img/sharp-linux-x64@npm:0.34.5"
  dependencies:
    "@img/sharp-libvips-linux-x64": "npm:1.2.4"
  dependenciesMeta:
    "@img/sharp-libvips-linux-x64":
      optional: true
  conditions: os=linux & cpu=x64 & libc=glibc
  languageName: node
  linkType: hard

"@img/sharp-linuxmusl-arm64@npm:0.34.5":
  version: 0.34.5
  resolution: "@img/sharp-linuxmusl-arm64@npm:0.34.5"
  dependencies:
    "@img/sharp-libvips-linuxmusl-arm64": "npm:1.2.4"
  dependenciesMeta:
    "@img/sharp-libvips-linuxmusl-arm64":
      optional: true
  conditions: os=linux & cpu=arm64 & libc=musl
  languageName: node
  linkType: hard

"@img/sharp-linuxmusl-x64@npm:0.34.5":
  version: 0.34.5
  resolution: "@img/sharp-linuxmusl-x64@npm:0.34.5"
  dependencies:
    "@img/sharp-libvips-linuxmusl-x64": "npm:1.2.4"
  dependenciesMeta:
    "@img/sharp-libvips-linuxmusl-x64":
      optional: true
  conditions: os=linux & cpu=x64 & libc=musl
  languageName: node
  linkType: hard

"@img/sharp-wasm32@npm:0.34.5":
  version: 0.34.5
  resolution: "@img/sharp-wasm32@npm:0.34.5"
  dependencies:
    "@emnapi/runtime": "npm:^1.7.0"
  conditions: cpu=wasm32
  languageName: node
  linkType: hard

"@img/sharp-win32-arm64@npm:0.34.5":
  version: 0.34.5
  resolution: "@img/sharp-win32-arm64@npm:0.34.5"
  conditions: os=win32 & cpu=arm64
  languageName: node
  linkType: hard

"@img/sharp-win32-ia32@npm:0.34.5":
  version: 0.34.5
  resolution: "@img/sharp-win32-ia32@npm:0.34.5"
  conditions: os=win32 & cpu=ia32
  languageName: node
  linkType: hard

"@img/sharp-win32-x64@npm:0.34.5":
  version: 0.34.5
  resolution: "@img/sharp-win32-x64@npm:0.34.5"
  conditions: os=win32 & cpu=x64
  languageName: node
  linkType: hard

"@jridgewell/gen-mapping@npm:^0.3.5":
  version: 0.3.13
  resolution: "@jridgewell/gen-mapping@npm:0.3.13"
  dependencies:
    "@jridgewell/sourcemap-codec": "npm:^1.5.0"
    "@jridgewell/trace-mapping": "npm:^0.3.24"
  checksum: 10/902f8261dcf450b4af7b93f9656918e02eec80a2169e155000cb2059f90113dd98f3ccf6efc6072cee1dd84cac48cade51da236972d942babc40e4c23da4d62a
  languageName: node
  linkType: hard

"@jridgewell/remapping@npm:^2.3.5":
  version: 2.3.5
  resolution: "@jridgewell/remapping@npm:2.3.5"
  dependencies:
    "@jridgewell/gen-mapping": "npm:^0.3.5"
    "@jridgewell/trace-mapping": "npm:^0.3.24"
  checksum: 10/c2bb01856e65b506d439455f28aceacf130d6c023d1d4e3b48705e88def3571753e1a887daa04b078b562316c92d26ce36408a60534bceca3f830aec88a339ad
  languageName: node
  linkType: hard

"@jridgewell/resolve-uri@npm:^3.1.0":
  version: 3.1.2
  resolution: "@jridgewell/resolve-uri@npm:3.1.2"
  checksum: 10/97106439d750a409c22c8bff822d648f6a71f3aa9bc8e5129efdc36343cd3096ddc4eeb1c62d2fe48e9bdd4db37b05d4646a17114ecebd3bbcacfa2de51c3c1d
  languageName: node
  linkType: hard

"@jridgewell/sourcemap-codec@npm:^1.4.14, @jridgewell/sourcemap-codec@npm:^1.5.0, @jridgewell/sourcemap-codec@npm:^1.5.5":
  version: 1.5.5
  resolution: "@jridgewell/sourcemap-codec@npm:1.5.5"
  checksum: 10/5d9d207b462c11e322d71911e55e21a4e2772f71ffe8d6f1221b8eb5ae6774458c1d242f897fb0814e8714ca9a6b498abfa74dfe4f434493342902b1a48b33a5
  languageName: node
  linkType: hard

"@jridgewell/trace-mapping@npm:^0.3.24":
  version: 0.3.31
  resolution: "@jridgewell/trace-mapping@npm:0.3.31"
  dependencies:
    "@jridgewell/resolve-uri": "npm:^3.1.0"
    "@jridgewell/sourcemap-codec": "npm:^1.4.14"
  checksum: 10/da0283270e691bdb5543806077548532791608e52386cfbbf3b9e8fb00457859d1bd01d512851161c886eb3a2f3ce6fd9bcf25db8edf3bddedd275bd4a88d606
  languageName: node
  linkType: hard

"@karl-run/prettier-config@npm:^1.1.0":
  version: 1.1.0
  resolution: "@karl-run/prettier-config@npm:1.1.0"
  peerDependencies:
    prettier: "*"
  checksum: 10/750f4d1f10b235df21ee268ef31c14934f283ed0ab0b8ddd786a2b7df05f3c6f608c05014e4c5600ffde2449764b6f3bcd64f6b7338e4027a9f0b96eb7f46ee1
  languageName: node
  linkType: hard

"@napi-rs/wasm-runtime@npm:^1.1.1":
  version: 1.1.4
  resolution: "@napi-rs/wasm-runtime@npm:1.1.4"
  dependencies:
    "@tybys/wasm-util": "npm:^0.10.1"
  peerDependencies:
    "@emnapi/core": ^1.7.1
    "@emnapi/runtime": ^1.7.1
  checksum: 10/1db3dc7eeb981306b09360487bd8ce4dfa5588d273bd8ea9f07dccca1b4ade57b675414180fc9bb66966c6c50b17208b0263194993e2f7f92cc7af28bda4d1af
  languageName: node
  linkType: hard

"@next/env@npm:16.2.4":
  version: 16.2.4
  resolution: "@next/env@npm:16.2.4"
  checksum: 10/e90081137c61cd108a8e07d4d16f815011aaef6e2761d7a99e2e4a6d3682318a43f4857a92be638874d9df30e49f840162b6000905c1ba194deef9bf8439c631
  languageName: node
  linkType: hard

"@next/swc-darwin-arm64@npm:16.2.4":
  version: 16.2.4
  resolution: "@next/swc-darwin-arm64@npm:16.2.4"
  conditions: os=darwin & cpu=arm64
  languageName: node
  linkType: hard

"@next/swc-darwin-x64@npm:16.2.4":
  version: 16.2.4
  resolution: "@next/swc-darwin-x64@npm:16.2.4"
  conditions: os=darwin & cpu=x64
  languageName: node
  linkType: hard

"@next/swc-linux-arm64-gnu@npm:16.2.4":
  version: 16.2.4
  resolution: "@next/swc-linux-arm64-gnu@npm:16.2.4"
  conditions: os=linux & cpu=arm64 & libc=glibc
  languageName: node
  linkType: hard

"@next/swc-linux-arm64-musl@npm:16.2.4":
  version: 16.2.4
  resolution: "@next/swc-linux-arm64-musl@npm:16.2.4"
  conditions: os=linux & cpu=arm64 & libc=musl
  languageName: node
  linkType: hard

"@next/swc-linux-x64-gnu@npm:16.2.4":
  version: 16.2.4
  resolution: "@next/swc-linux-x64-gnu@npm:16.2.4"
  conditions: os=linux & cpu=x64 & libc=glibc
  languageName: node
  linkType: hard

"@next/swc-linux-x64-musl@npm:16.2.4":
  version: 16.2.4
  resolution: "@next/swc-linux-x64-musl@npm:16.2.4"
  conditions: os=linux & cpu=x64 & libc=musl
  languageName: node
  linkType: hard

"@next/swc-win32-arm64-msvc@npm:16.2.4":
  version: 16.2.4
  resolution: "@next/swc-win32-arm64-msvc@npm:16.2.4"
  conditions: os=win32 & cpu=arm64
  languageName: node
  linkType: hard

"@next/swc-win32-x64-msvc@npm:16.2.4":
  version: 16.2.4
  resolution: "@next/swc-win32-x64-msvc@npm:16.2.4"
  conditions: os=win32 & cpu=x64
  languageName: node
  linkType: hard

"@radix-ui/react-icons@npm:^1.3.2":
  version: 1.3.2
  resolution: "@radix-ui/react-icons@npm:1.3.2"
  peerDependencies:
    react: ^16.x || ^17.x || ^18.x || ^19.0.0 || ^19.0.0-rc
  checksum: 10/cf6c694a400677890d0d83cd30ac01fa638c04eefe6194cd4e3c9edff49269e97dccc01e7bb480e2dcc249b27ee4eafa5d82d72d15c5119d66f4c26db6128f36
  languageName: node
  linkType: hard

"@standard-schema/spec@npm:1.0.0":
  version: 1.0.0
  resolution: "@standard-schema/spec@npm:1.0.0"
  checksum: 10/aee780cc1431888ca4b9aba9b24ffc8f3073fc083acc105e3951481478a2f4dc957796931b2da9e2d8329584cf211e4542275f188296c1cdff3ed44fd93a8bc8
  languageName: node
  linkType: hard

"@swc/helpers@npm:0.5.15":
  version: 0.5.15
  resolution: "@swc/helpers@npm:0.5.15"
  dependencies:
    tslib: "npm:^2.8.0"
  checksum: 10/e3f32c6deeecfb0fa3f22edff03a7b358e7ce16d27b0f1c8b5cdc3042c5c4ce4da6eac0b781ab7cc4f54696ece657467d56734fb26883439fb00017385364c4c
  languageName: node
  linkType: hard

"@tailwindcss/node@npm:4.2.4":
  version: 4.2.4
  resolution: "@tailwindcss/node@npm:4.2.4"
  dependencies:
    "@jridgewell/remapping": "npm:^2.3.5"
    enhanced-resolve: "npm:^5.19.0"
    jiti: "npm:^2.6.1"
    lightningcss: "npm:1.32.0"
    magic-string: "npm:^0.30.21"
    source-map-js: "npm:^1.2.1"
    tailwindcss: "npm:4.2.4"
  checksum: 10/5a386456397edf4d51fe5c941283b63767bbfc5d0613c0780b82e8b3b07e043b7176024bbf1bfebc5f6759e25df2e132bac682243134fc7455709c81c0af9fb5
  languageName: node
  linkType: hard

"@tailwindcss/oxide-android-arm64@npm:4.2.4":
  version: 4.2.4
  resolution: "@tailwindcss/oxide-android-arm64@npm:4.2.4"
  conditions: os=android & cpu=arm64
  languageName: node
  linkType: hard

"@tailwindcss/oxide-darwin-arm64@npm:4.2.4":
  version: 4.2.4
  resolution: "@tailwindcss/oxide-darwin-arm64@npm:4.2.4"
  conditions: os=darwin & cpu=arm64
  languageName: node
  linkType: hard

"@tailwindcss/oxide-darwin-x64@npm:4.2.4":
  version: 4.2.4
  resolution: "@tailwindcss/oxide-darwin-x64@npm:4.2.4"
  conditions: os=darwin & cpu=x64
  languageName: node
  linkType: hard

"@tailwindcss/oxide-freebsd-x64@npm:4.2.4":
  version: 4.2.4
  resolution: "@tailwindcss/oxide-freebsd-x64@npm:4.2.4"
  conditions: os=freebsd & cpu=x64
  languageName: node
  linkType: hard

"@tailwindcss/oxide-linux-arm-gnueabihf@npm:4.2.4":
  version: 4.2.4
  resolution: "@tailwindcss/oxide-linux-arm-gnueabihf@npm:4.2.4"
  conditions: os=linux & cpu=arm
  languageName: node
  linkType: hard

"@tailwindcss/oxide-linux-arm64-gnu@npm:4.2.4":
  version: 4.2.4
  resolution: "@tailwindcss/oxide-linux-arm64-gnu@npm:4.2.4"
  conditions: os=linux & cpu=arm64 & libc=glibc
  languageName: node
  linkType: hard

"@tailwindcss/oxide-linux-arm64-musl@npm:4.2.4":
  version: 4.2.4
  resolution: "@tailwindcss/oxide-linux-arm64-musl@npm:4.2.4"
  conditions: os=linux & cpu=arm64 & libc=musl
  languageName: node
  linkType: hard

"@tailwindcss/oxide-linux-x64-gnu@npm:4.2.4":
  version: 4.2.4
  resolution: "@tailwindcss/oxide-linux-x64-gnu@npm:4.2.4"
  conditions: os=linux & cpu=x64 & libc=glibc
  languageName: node
  linkType: hard

"@tailwindcss/oxide-linux-x64-musl@npm:4.2.4":
  version: 4.2.4
  resolution: "@tailwindcss/oxide-linux-x64-musl@npm:4.2.4"
  conditions: os=linux & cpu=x64 & libc=musl
  languageName: node
  linkType: hard

"@tailwindcss/oxide-wasm32-wasi@npm:4.2.4":
  version: 4.2.4
  resolution: "@tailwindcss/oxide-wasm32-wasi@npm:4.2.4"
  dependencies:
    "@emnapi/core": "npm:^1.8.1"
    "@emnapi/runtime": "npm:^1.8.1"
    "@emnapi/wasi-threads": "npm:^1.1.0"
    "@napi-rs/wasm-runtime": "npm:^1.1.1"
    "@tybys/wasm-util": "npm:^0.10.1"
    tslib: "npm:^2.8.1"
  conditions: cpu=wasm32
  languageName: node
  linkType: hard

"@tailwindcss/oxide-win32-arm64-msvc@npm:4.2.4":
  version: 4.2.4
  resolution: "@tailwindcss/oxide-win32-arm64-msvc@npm:4.2.4"
  conditions: os=win32 & cpu=arm64
  languageName: node
  linkType: hard

"@tailwindcss/oxide-win32-x64-msvc@npm:4.2.4":
  version: 4.2.4
  resolution: "@tailwindcss/oxide-win32-x64-msvc@npm:4.2.4"
  conditions: os=win32 & cpu=x64
  languageName: node
  linkType: hard

"@tailwindcss/oxide@npm:4.2.4":
  version: 4.2.4
  resolution: "@tailwindcss/oxide@npm:4.2.4"
  dependencies:
    "@tailwindcss/oxide-android-arm64": "npm:4.2.4"
    "@tailwindcss/oxide-darwin-arm64": "npm:4.2.4"
    "@tailwindcss/oxide-darwin-x64": "npm:4.2.4"
    "@tailwindcss/oxide-freebsd-x64": "npm:4.2.4"
    "@tailwindcss/oxide-linux-arm-gnueabihf": "npm:4.2.4"
    "@tailwindcss/oxide-linux-arm64-gnu": "npm:4.2.4"
    "@tailwindcss/oxide-linux-arm64-musl": "npm:4.2.4"
    "@tailwindcss/oxide-linux-x64-gnu": "npm:4.2.4"
    "@tailwindcss/oxide-linux-x64-musl": "npm:4.2.4"
    "@tailwindcss/oxide-wasm32-wasi": "npm:4.2.4"
    "@tailwindcss/oxide-win32-arm64-msvc": "npm:4.2.4"
    "@tailwindcss/oxide-win32-x64-msvc": "npm:4.2.4"
  dependenciesMeta:
    "@tailwindcss/oxide-android-arm64":
      optional: true
    "@tailwindcss/oxide-darwin-arm64":
      optional: true
    "@tailwindcss/oxide-darwin-x64":
      optional: true
    "@tailwindcss/oxide-freebsd-x64":
      optional: true
    "@tailwindcss/oxide-linux-arm-gnueabihf":
      optional: true
    "@tailwindcss/oxide-linux-arm64-gnu":
      optional: true
    "@tailwindcss/oxide-linux-arm64-musl":
      optional: true
    "@tailwindcss/oxide-linux-x64-gnu":
      optional: true
    "@tailwindcss/oxide-linux-x64-musl":
      optional: true
    "@tailwindcss/oxide-wasm32-wasi":
      optional: true
    "@tailwindcss/oxide-win32-arm64-msvc":
      optional: true
    "@tailwindcss/oxide-win32-x64-msvc":
      optional: true
  checksum: 10/180c1e22dfbd9e8a17399f159d73e28ee57f3d61bef6fd4e985681f288a93710bc90862c688215b8d0c521f41bf9774db57527678fc436c1358bb649ba03b89b
  languageName: node
  linkType: hard

"@tailwindcss/postcss@npm:^4.2.4":
  version: 4.2.4
  resolution: "@tailwindcss/postcss@npm:4.2.4"
  dependencies:
    "@alloc/quick-lru": "npm:^5.2.0"
    "@tailwindcss/node": "npm:4.2.4"
    "@tailwindcss/oxide": "npm:4.2.4"
    postcss: "npm:^8.5.6"
    tailwindcss: "npm:4.2.4"
  checksum: 10/8a46a65811d9b388429133b63e6e9f808d57ab284d26014818560cc1caded11c8ec00b4eb57ae64a90fe1bbc82b6fb944c4d4ed1d13fcff3fe2618a35e1f9265
  languageName: node
  linkType: hard

"@tybys/wasm-util@npm:^0.10.1":
  version: 0.10.1
  resolution: "@tybys/wasm-util@npm:0.10.1"
  dependencies:
    tslib: "npm:^2.4.0"
  checksum: 10/7fe0d239397aebb002ac4855d30c197c06a05ea8df8511350a3a5b1abeefe26167c60eda8a5508337571161e4c4b53d7c1342296123f9607af8705369de9fa7f
  languageName: node
  linkType: hard

"@types/node@npm:24.12.2":
  version: 24.12.2
  resolution: "@types/node@npm:24.12.2"
  dependencies:
    undici-types: "npm:~7.16.0"
  checksum: 10/99b9f15e67a4b3c39b39ad83ee0febad7f0b4709c004863104d7acfa4146dd7e58c12a08a9a7ff2be8c2eefd0063bf991fade0879d7c4a370a0ee7fd4c799e8a
  languageName: node
  linkType: hard

"@types/react-dom@npm:^19.2.3":
  version: 19.2.3
  resolution: "@types/react-dom@npm:19.2.3"
  peerDependencies:
    "@types/react": ^19.2.0
  checksum: 10/616c4a8aee250ea05fb1e7b98e7e00475dd3a6c1c30d7be18b4b93caba832f4203106b3a496a6b147e5acc2da14575eca47bce234c633bca1f8430ef8ffb234a
  languageName: node
  linkType: hard

"@types/react@npm:^19.2.14":
  version: 19.2.14
  resolution: "@types/react@npm:19.2.14"
  dependencies:
    csstype: "npm:^3.2.2"
  checksum: 10/fbff239089ee64b6bd9b00543594db498278b06de527ef1b0f71bb0eb09cc4445a71b5dd3c0d3d0257255c4eed94406be40a74ad4a987ade8a8d5dd65c82bc5f
  languageName: node
  linkType: hard

"baseline-browser-mapping@npm:^2.9.19":
  version: 2.10.25
  resolution: "baseline-browser-mapping@npm:2.10.25"
  bin:
    baseline-browser-mapping: dist/cli.cjs
  checksum: 10/e610c0df88c4daa8604c53a27a689a571f3fd2b453201f2e3a125bbeecc46d52e4ff704e786b27b4849675533cf4acc29cfdf8909c4433570c1d956ff050e664
  languageName: node
  linkType: hard

"caniuse-lite@npm:^1.0.30001579":
  version: 1.0.30001791
  resolution: "caniuse-lite@npm:1.0.30001791"
  checksum: 10/0ec6ef60ca9f5da3da37a57c8b7b645878b6aca406eb5b569dda0bdfa518fe83320e3e2e9e25450a40a8f34854c1537c287f8bd107830aa6f39c3018f98fe408
  languageName: node
  linkType: hard

"client-only@npm:0.0.1":
  version: 0.0.1
  resolution: "client-only@npm:0.0.1"
  checksum: 10/0c16bf660dadb90610553c1d8946a7fdfb81d624adea073b8440b7d795d5b5b08beb3c950c6a2cf16279365a3265158a236876d92bce16423c485c322d7dfaf8
  languageName: node
  linkType: hard

"csstype@npm:^3.2.2":
  version: 3.2.3
  resolution: "csstype@npm:3.2.3"
  checksum: 10/ad41baf7e2ffac65ab544d79107bf7cd1a4bb9bab9ac3302f59ab4ba655d5e30942a8ae46e10ba160c6f4ecea464cc95b975ca2fefbdeeacd6ac63f12f99fe1f
  languageName: node
  linkType: hard

"detect-libc@npm:^2.0.3, detect-libc@npm:^2.1.2":
  version: 2.1.2
  resolution: "detect-libc@npm:2.1.2"
  checksum: 10/b736c8d97d5d46164c0d1bed53eb4e6a3b1d8530d460211e2d52f1c552875e706c58a5376854e4e54f8b828c9cada58c855288c968522eb93ac7696d65970766
  languageName: node
  linkType: hard

"enhanced-resolve@npm:^5.19.0":
  version: 5.21.0
  resolution: "enhanced-resolve@npm:5.21.0"
  dependencies:
    graceful-fs: "npm:^4.2.4"
    tapable: "npm:^2.3.3"
  checksum: 10/234d37ddd5a190cb30527b8f7c4d440fa3c99a1247cccf60f74696c4f84c8b98a8178a7e97a7809ffcf1d31afb40c6a1d2805ccb19d9bbc8721ad6b4f8af4073
  languageName: node
  linkType: hard

"graceful-fs@npm:^4.2.4":
  version: 4.2.11
  resolution: "graceful-fs@npm:4.2.11"
  checksum: 10/bf152d0ed1dc159239db1ba1f74fdbc40cb02f626770dcd5815c427ce0688c2635a06ed69af364396da4636d0408fcf7d4afdf7881724c3307e46aff30ca49e2
  languageName: node
  linkType: hard

"jiti@npm:^2.6.1":
  version: 2.6.1
  resolution: "jiti@npm:2.6.1"
  bin:
    jiti: lib/jiti-cli.mjs
  checksum: 10/8cd72c5fd03a0502564c3f46c49761090f6dadead21fa191b73535724f095ad86c2fa89ee6fe4bc3515337e8d406cc8fb2d37b73fa0c99a34584bac35cd4a4de
  languageName: node
  linkType: hard

"lightningcss-android-arm64@npm:1.32.0":
  version: 1.32.0
  resolution: "lightningcss-android-arm64@npm:1.32.0"
  conditions: os=android & cpu=arm64
  languageName: node
  linkType: hard

"lightningcss-darwin-arm64@npm:1.32.0":
  version: 1.32.0
  resolution: "lightningcss-darwin-arm64@npm:1.32.0"
  conditions: os=darwin & cpu=arm64
  languageName: node
  linkType: hard

"lightningcss-darwin-x64@npm:1.32.0":
  version: 1.32.0
  resolution: "lightningcss-darwin-x64@npm:1.32.0"
  conditions: os=darwin & cpu=x64
  languageName: node
  linkType: hard

"lightningcss-freebsd-x64@npm:1.32.0":
  version: 1.32.0
  resolution: "lightningcss-freebsd-x64@npm:1.32.0"
  conditions: os=freebsd & cpu=x64
  languageName: node
  linkType: hard

"lightningcss-linux-arm-gnueabihf@npm:1.32.0":
  version: 1.32.0
  resolution: "lightningcss-linux-arm-gnueabihf@npm:1.32.0"
  conditions: os=linux & cpu=arm
  languageName: node
  linkType: hard

"lightningcss-linux-arm64-gnu@npm:1.32.0":
  version: 1.32.0
  resolution: "lightningcss-linux-arm64-gnu@npm:1.32.0"
  conditions: os=linux & cpu=arm64 & libc=glibc
  languageName: node
  linkType: hard

"lightningcss-linux-arm64-musl@npm:1.32.0":
  version: 1.32.0
  resolution: "lightningcss-linux-arm64-musl@npm:1.32.0"
  conditions: os=linux & cpu=arm64 & libc=musl
  languageName: node
  linkType: hard

"lightningcss-linux-x64-gnu@npm:1.32.0":
  version: 1.32.0
  resolution: "lightningcss-linux-x64-gnu@npm:1.32.0"
  conditions: os=linux & cpu=x64 & libc=glibc
  languageName: node
  linkType: hard

"lightningcss-linux-x64-musl@npm:1.32.0":
  version: 1.32.0
  resolution: "lightningcss-linux-x64-musl@npm:1.32.0"
  conditions: os=linux & cpu=x64 & libc=musl
  languageName: node
  linkType: hard

"lightningcss-win32-arm64-msvc@npm:1.32.0":
  version: 1.32.0
  resolution: "lightningcss-win32-arm64-msvc@npm:1.32.0"
  conditions: os=win32 & cpu=arm64
  languageName: node
  linkType: hard

"lightningcss-win32-x64-msvc@npm:1.32.0":
  version: 1.32.0
  resolution: "lightningcss-win32-x64-msvc@npm:1.32.0"
  conditions: os=win32 & cpu=x64
  languageName: node
  linkType: hard

"lightningcss@npm:1.32.0":
  version: 1.32.0
  resolution: "lightningcss@npm:1.32.0"
  dependencies:
    detect-libc: "npm:^2.0.3"
    lightningcss-android-arm64: "npm:1.32.0"
    lightningcss-darwin-arm64: "npm:1.32.0"
    lightningcss-darwin-x64: "npm:1.32.0"
    lightningcss-freebsd-x64: "npm:1.32.0"
    lightningcss-linux-arm-gnueabihf: "npm:1.32.0"
    lightningcss-linux-arm64-gnu: "npm:1.32.0"
    lightningcss-linux-arm64-musl: "npm:1.32.0"
    lightningcss-linux-x64-gnu: "npm:1.32.0"
    lightningcss-linux-x64-musl: "npm:1.32.0"
    lightningcss-win32-arm64-msvc: "npm:1.32.0"
    lightningcss-win32-x64-msvc: "npm:1.32.0"
  dependenciesMeta:
    lightningcss-android-arm64:
      optional: true
    lightningcss-darwin-arm64:
      optional: true
    lightningcss-darwin-x64:
      optional: true
    lightningcss-freebsd-x64:
      optional: true
    lightningcss-linux-arm-gnueabihf:
      optional: true
    lightningcss-linux-arm64-gnu:
      optional: true
    lightningcss-linux-arm64-musl:
      optional: true
    lightningcss-linux-x64-gnu:
      optional: true
    lightningcss-linux-x64-musl:
      optional: true
    lightningcss-win32-arm64-msvc:
      optional: true
    lightningcss-win32-x64-msvc:
      optional: true
  checksum: 10/098e61007f0d0ec8b5c50884e33b543b551d1ff21bc7b062434b6638fd0b8596858f823b60dfc2a4aa756f3cb120ad79f2b7f4a55b1bda2c0269ab8cf476f114
  languageName: node
  linkType: hard

"magic-string@npm:^0.30.21":
  version: 0.30.21
  resolution: "magic-string@npm:0.30.21"
  dependencies:
    "@jridgewell/sourcemap-codec": "npm:^1.5.5"
  checksum: 10/57d5691f41ed40d962d8bd300148114f53db67fadbff336207db10a99f2bdf4a1be9cac3a68ee85dba575912ee1d4402e4396408196ec2d3afd043b076156221
  languageName: node
  linkType: hard

"monke@workspace:.":
  version: 0.0.0-use.local
  resolution: "monke@workspace:."
  dependencies:
    "@karl-run/prettier-config": "npm:^1.1.0"
    "@radix-ui/react-icons": "npm:^1.3.2"
    "@tailwindcss/postcss": "npm:^4.2.4"
    "@types/node": "npm:24.12.2"
    "@types/react": "npm:^19.2.14"
    "@types/react-dom": "npm:^19.2.3"
    next: "npm:16.2.4"
    nuqs: "npm:^2.8.9"
    postcss: "npm:^8.5.13"
    prettier: "npm:^3.8.3"
    react: "npm:^19.2.5"
    react-dom: "npm:^19.2.5"
    remeda: "npm:^2.34.0"
    tailwindcss: "npm:^4.2.4"
    typescript: "npm:^6.0.3"
  languageName: unknown
  linkType: soft

"nanoid@npm:^3.3.11, nanoid@npm:^3.3.6":
  version: 3.3.12
  resolution: "nanoid@npm:3.3.12"
  bin:
    nanoid: bin/nanoid.cjs
  checksum: 10/6eec280694e2088d18fb802b1e3bfc4578e27b665b7ecfbe36c7356612fea2f814277056e671e2a1529dff551588a652efdc0bfa39f8a3185bc2247be311872e
  languageName: node
  linkType: hard

"next@npm:16.2.4":
  version: 16.2.4
  resolution: "next@npm:16.2.4"
  dependencies:
    "@next/env": "npm:16.2.4"
    "@next/swc-darwin-arm64": "npm:16.2.4"
    "@next/swc-darwin-x64": "npm:16.2.4"
    "@next/swc-linux-arm64-gnu": "npm:16.2.4"
    "@next/swc-linux-arm64-musl": "npm:16.2.4"
    "@next/swc-linux-x64-gnu": "npm:16.2.4"
    "@next/swc-linux-x64-musl": "npm:16.2.4"
    "@next/swc-win32-arm64-msvc": "npm:16.2.4"
    "@next/swc-win32-x64-msvc": "npm:16.2.4"
    "@swc/helpers": "npm:0.5.15"
    baseline-browser-mapping: "npm:^2.9.19"
    caniuse-lite: "npm:^1.0.30001579"
    postcss: "npm:8.4.31"
    sharp: "npm:^0.34.5"
    styled-jsx: "npm:5.1.6"
  peerDependencies:
    "@opentelemetry/api": ^1.1.0
    "@playwright/test": ^1.51.1
    babel-plugin-react-compiler: "*"
    react: ^18.2.0 || 19.0.0-rc-de68d2f4-20241204 || ^19.0.0
    react-dom: ^18.2.0 || 19.0.0-rc-de68d2f4-20241204 || ^19.0.0
    sass: ^1.3.0
  dependenciesMeta:
    "@next/swc-darwin-arm64":
      optional: true
    "@next/swc-darwin-x64":
      optional: true
    "@next/swc-linux-arm64-gnu":
      optional: true
    "@next/swc-linux-arm64-musl":
      optional: true
    "@next/swc-linux-x64-gnu":
      optional: true
    "@next/swc-linux-x64-musl":
      optional: true
    "@next/swc-win32-arm64-msvc":
      optional: true
    "@next/swc-win32-x64-msvc":
      optional: true
    sharp:
      optional: true
  peerDependenciesMeta:
    "@opentelemetry/api":
      optional: true
    "@playwright/test":
      optional: true
    babel-plugin-react-compiler:
      optional: true
    sass:
      optional: true
  bin:
    next: dist/bin/next
  checksum: 10/57aa95316694d378e872a78e1e00380af0c06a3f0062353fea0ce90e4052c6f7dc48139767972c305e7eaaaf7bbfaa29ae7d20de3ba009adc73a43a21685cd09
  languageName: node
  linkType: hard

"nuqs@npm:^2.8.9":
  version: 2.8.9
  resolution: "nuqs@npm:2.8.9"
  dependencies:
    "@standard-schema/spec": "npm:1.0.0"
  peerDependencies:
    "@remix-run/react": ">=2"
    "@tanstack/react-router": ^1
    next: ">=14.2.0"
    react: ">=18.2.0 || ^19.0.0-0"
    react-router: ^5 || ^6 || ^7
    react-router-dom: ^5 || ^6 || ^7
  peerDependenciesMeta:
    "@remix-run/react":
      optional: true
    "@tanstack/react-router":
      optional: true
    next:
      optional: true
    react-router:
      optional: true
    react-router-dom:
      optional: true
  checksum: 10/bce5c1d0920b56d2f4ff3a0074a3bd3fc7f847694529f72d808f5cd9882bd88ff443e8f93ad0c3aef41b5d3a411c656f9bfb430bb77dbd5f1f37d0f6b18addd6
  languageName: node
  linkType: hard

"picocolors@npm:^1.0.0, picocolors@npm:^1.1.1":
  version: 1.1.1
  resolution: "picocolors@npm:1.1.1"
  checksum: 10/e1cf46bf84886c79055fdfa9dcb3e4711ad259949e3565154b004b260cd356c5d54b31a1437ce9782624bf766272fe6b0154f5f0c744fb7af5d454d2b60db045
  languageName: node
  linkType: hard

"postcss@npm:8.4.31":
  version: 8.4.31
  resolution: "postcss@npm:8.4.31"
  dependencies:
    nanoid: "npm:^3.3.6"
    picocolors: "npm:^1.0.0"
    source-map-js: "npm:^1.0.2"
  checksum: 10/1a6653e72105907377f9d4f2cd341d8d90e3fde823a5ddea1e2237aaa56933ea07853f0f2758c28892a1d70c53bbaca200eb8b80f8ed55f13093003dbec5afa0
  languageName: node
  linkType: hard

"postcss@npm:^8.5.13, postcss@npm:^8.5.6":
  version: 8.5.13
  resolution: "postcss@npm:8.5.13"
  dependencies:
    nanoid: "npm:^3.3.11"
    picocolors: "npm:^1.1.1"
    source-map-js: "npm:^1.2.1"
  checksum: 10/4763873c0a39a6f71fc552d0046fedb80dca889ed0b85e36217285f754a3bd003a906f6088feb266b1f53b0ad20483a475dce4cc1c756f05e27940c51e40ebd8
  languageName: node
  linkType: hard

"prettier@npm:^3.8.3":
  version: 3.8.3
  resolution: "prettier@npm:3.8.3"
  bin:
    prettier: bin/prettier.cjs
  checksum: 10/4b3b12cbb29e4c96bed936e5d070167552500c18d37676fb3e0caae6199c42860662608e4dc116230698f6e2bb0267ef2548158224c92d40f188d309d72fdd6f
  languageName: node
  linkType: hard

"react-dom@npm:^19.2.5":
  version: 19.2.5
  resolution: "react-dom@npm:19.2.5"
  dependencies:
    scheduler: "npm:^0.27.0"
  peerDependencies:
    react: ^19.2.5
  checksum: 10/ba14b022c7191d27b723314b964a1a4d839832e6edd231294097e323973808f97ac647bcf182ab0104e20ae6532dbc36733aec3e8333a1446a7183099c96b255
  languageName: node
  linkType: hard

"react@npm:^19.2.5":
  version: 19.2.5
  resolution: "react@npm:19.2.5"
  checksum: 10/1c3c7ffecb90b7f89a5c3ef635e6811f3a84600097f203b918150cb7e6b0a52915e858e5b4c82317a520dffccfa46ee4819ccf92c59c5b2d6c25cffe258dd20c
  languageName: node
  linkType: hard

"remeda@npm:^2.34.0":
  version: 2.34.0
  resolution: "remeda@npm:2.34.0"
  checksum: 10/0563f4e4625638fa27ba857398ee65ea3975c509171b41ac472b1ae22ecb9c5297689e4680ac57b035069fa3d7a67ee65b5772126a1f2247e24f8fd99f08268b
  languageName: node
  linkType: hard

"scheduler@npm:^0.27.0":
  version: 0.27.0
  resolution: "scheduler@npm:0.27.0"
  checksum: 10/eab3c3a8373195173e59c147224fc30dabe6dd453f248f5e610e8458512a5a2ee3a06465dc400ebfe6d35c9f5b7f3bb6b2e41c88c86fd177c25a73e7286a1e06
  languageName: node
  linkType: hard

"semver@npm:^7.7.3":
  version: 7.7.4
  resolution: "semver@npm:7.7.4"
  bin:
    semver: bin/semver.js
  checksum: 10/26bdc6d58b29528f4142d29afb8526bc335f4fc04c4a10f2b98b217f277a031c66736bf82d3d3bb354a2f6a3ae50f18fd62b053c4ac3f294a3d10a61f5075b75
  languageName: node
  linkType: hard

"sharp@npm:^0.34.5":
  version: 0.34.5
  resolution: "sharp@npm:0.34.5"
  dependencies:
    "@img/colour": "npm:^1.0.0"
    "@img/sharp-darwin-arm64": "npm:0.34.5"
    "@img/sharp-darwin-x64": "npm:0.34.5"
    "@img/sharp-libvips-darwin-arm64": "npm:1.2.4"
    "@img/sharp-libvips-darwin-x64": "npm:1.2.4"
    "@img/sharp-libvips-linux-arm": "npm:1.2.4"
    "@img/sharp-libvips-linux-arm64": "npm:1.2.4"
    "@img/sharp-libvips-linux-ppc64": "npm:1.2.4"
    "@img/sharp-libvips-linux-riscv64": "npm:1.2.4"
    "@img/sharp-libvips-linux-s390x": "npm:1.2.4"
    "@img/sharp-libvips-linux-x64": "npm:1.2.4"
    "@img/sharp-libvips-linuxmusl-arm64": "npm:1.2.4"
    "@img/sharp-libvips-linuxmusl-x64": "npm:1.2.4"
    "@img/sharp-linux-arm": "npm:0.34.5"
    "@img/sharp-linux-arm64": "npm:0.34.5"
    "@img/sharp-linux-ppc64": "npm:0.34.5"
    "@img/sharp-linux-riscv64": "npm:0.34.5"
    "@img/sharp-linux-s390x": "npm:0.34.5"
    "@img/sharp-linux-x64": "npm:0.34.5"
    "@img/sharp-linuxmusl-arm64": "npm:0.34.5"
    "@img/sharp-linuxmusl-x64": "npm:0.34.5"
    "@img/sharp-wasm32": "npm:0.34.5"
    "@img/sharp-win32-arm64": "npm:0.34.5"
    "@img/sharp-win32-ia32": "npm:0.34.5"
    "@img/sharp-win32-x64": "npm:0.34.5"
    detect-libc: "npm:^2.1.2"
    semver: "npm:^7.7.3"
  dependenciesMeta:
    "@img/sharp-darwin-arm64":
      optional: true
    "@img/sharp-darwin-x64":
      optional: true
    "@img/sharp-libvips-darwin-arm64":
      optional: true
    "@img/sharp-libvips-darwin-x64":
      optional: true
    "@img/sharp-libvips-linux-arm":
      optional: true
    "@img/sharp-libvips-linux-arm64":
      optional: true
    "@img/sharp-libvips-linux-ppc64":
      optional: true
    "@img/sharp-libvips-linux-riscv64":
      optional: true
    "@img/sharp-libvips-linux-s390x":
      optional: true
    "@img/sharp-libvips-linux-x64":
      optional: true
    "@img/sharp-libvips-linuxmusl-arm64":
      optional: true
    "@img/sharp-libvips-linuxmusl-x64":
      optional: true
    "@img/sharp-linux-arm":
      optional: true
    "@img/sharp-linux-arm64":
      optional: true
    "@img/sharp-linux-ppc64":
      optional: true
    "@img/sharp-linux-riscv64":
      optional: true
    "@img/sharp-linux-s390x":
      optional: true
    "@img/sharp-linux-x64":
      optional: true
    "@img/sharp-linuxmusl-arm64":
      optional: true
    "@img/sharp-linuxmusl-x64":
      optional: true
    "@img/sharp-wasm32":
      optional: true
    "@img/sharp-win32-arm64":
      optional: true
    "@img/sharp-win32-ia32":
      optional: true
    "@img/sharp-win32-x64":
      optional: true
  checksum: 10/d62bc638c8ad382dffc266beeaffab71457d592abeb6fdf95b512e6dcbce0abf47b8d903b4ea081f012ceb40e4462f1e219184c729329146df32a5ccec2c231f
  languageName: node
  linkType: hard

"source-map-js@npm:^1.0.2, source-map-js@npm:^1.2.1":
  version: 1.2.1
  resolution: "source-map-js@npm:1.2.1"
  checksum: 10/ff9d8c8bf096d534a5b7707e0382ef827b4dd360a577d3f34d2b9f48e12c9d230b5747974ee7c607f0df65113732711bb701fe9ece3c7edbd43cb2294d707df3
  languageName: node
  linkType: hard

"styled-jsx@npm:5.1.6":
  version: 5.1.6
  resolution: "styled-jsx@npm:5.1.6"
  dependencies:
    client-only: "npm:0.0.1"
  peerDependencies:
    react: ">= 16.8.0 || 17.x.x || ^18.0.0-0 || ^19.0.0-0"
  peerDependenciesMeta:
    "@babel/core":
      optional: true
    babel-plugin-macros:
      optional: true
  checksum: 10/ba01200e8227fe1441a719c2e7da96c8aa7ef61d14211d1500e1abce12efa118479bcb6e7e12beecb9e1db76432caad2f4e01bbc0c9be21c134b088a4ca5ffe0
  languageName: node
  linkType: hard

"tailwindcss@npm:4.2.4, tailwindcss@npm:^4.2.4":
  version: 4.2.4
  resolution: "tailwindcss@npm:4.2.4"
  checksum: 10/54734efe725d1717fb9064940d705852448fb91a7fc78399a2d4263dc0fd4c260017baa13362f13f604bbfd4a0a882b83253c0cd6f14fe80454fd916966e8d72
  languageName: node
  linkType: hard

"tapable@npm:^2.3.3":
  version: 2.3.3
  resolution: "tapable@npm:2.3.3"
  checksum: 10/21fb64a7ae1a0e11d855a6c33a22ae5ecf7e2f23170c942da673b44bf4c3aae8aa52451ef2792d0ce36c7feca13dceafa4f135105d66fc06912632488c0913fd
  languageName: node
  linkType: hard

"tslib@npm:^2.4.0, tslib@npm:^2.8.0, tslib@npm:^2.8.1":
  version: 2.8.1
  resolution: "tslib@npm:2.8.1"
  checksum: 10/3e2e043d5c2316461cb54e5c7fe02c30ef6dccb3384717ca22ae5c6b5bc95232a6241df19c622d9c73b809bea33b187f6dbc73030963e29950c2141bc32a79f7
  languageName: node
  linkType: hard

"typescript@npm:^6.0.3":
  version: 6.0.3
  resolution: "typescript@npm:6.0.3"
  bin:
    tsc: bin/tsc
    tsserver: bin/tsserver
  checksum: 10/0ef2357a4cffd916b52b683a021cdab0f81eea4e9aa35f2d254581c9a5106da02224e3392e1b0ed42b7a48f80c966e5f52b8e1a27941fa0523c1705a9c2e0330
  languageName: node
  linkType: hard

"typescript@patch:typescript@npm%3A^6.0.3#optional!builtin<compat/typescript>":
  version: 6.0.3
  resolution: "typescript@patch:typescript@npm%3A6.0.3#optional!builtin<compat/typescript>::version=6.0.3&hash=5786d5"
  bin:
    tsc: bin/tsc
    tsserver: bin/tsserver
  checksum: 10/22b67a18dafedf9b1468b64ca20d9aa02ea61d449b65413d8aa6552aeb63f52ef369e86beb25b6b4c91a803d9726ee5c196f391a9b64201263263410a4223ee6
  languageName: node
  linkType: hard

"undici-types@npm:~7.16.0":
  version: 7.16.0
  resolution: "undici-types@npm:7.16.0"
  checksum: 10/db43439f69c2d94cc29f75cbfe9de86df87061d6b0c577ebe9bb3255f49b22c50162a7d7eb413b0458b6510b8ca299ac7cff38c3a29fbd31af9f504bcf7fbc0d
  languageName: node
  linkType: hard
